
Microsoft Visual Studio Solution File, Format Version 12.00
# Visual Studio Version 17
VisualStudioVersion = 17.5.002.0
MinimumVisualStudioVersion = 10.0.40219.1
Project("{9A19103F-16F7-4668-BE54-9A1E7A4F7556}") = "NewApp", "NewApp.csproj", "{813F3B62-9FDE-45CB-B742-0E532CE18E81}"
EndProject
Global
	GlobalSection(SolutionConfigurationPlatforms) = preSolution
		Debug|Any CPU = Debug|Any CPU
		Release|Any CPU = Release|Any CPU
	EndGlobalSection
	GlobalSection(ProjectConfigurationPlatforms) = postSolution
		{813F3B62-9FDE-45CB-B742-0E532CE18E81}.Debug|Any CPU.ActiveCfg = Debug|Any CPU
		{813F3B62-9FDE-45CB-B742-0E532CE18E81}.Debug|Any CPU.Build.0 = Debug|Any CPU
		{813F3B62-9FDE-45CB-B742-0E532CE18E81}.Release|Any CPU.ActiveCfg = Release|Any CPU
		{813F3B62-9FDE-45CB-B742-0E532CE18E81}.Release|Any CPU.Build.0 = Release|Any CPU
	EndGlobalSection
	GlobalSection(SolutionProperties) = preSolution
		HideSolutionNode = FALSE
	EndGlobalSection
	GlobalSection(ExtensibilityGlobals) = postSolution
		SolutionGuid = {BE6DFBB8-696F-4146-AFE3-DDC13508D0DB}
	EndGlobalSection
EndGlobal
